
Microsoft Visual Studio Solution File, Format Version 12.00
# Visual Studio Version 17
VisualStudioVersion = 17.4.33213.308
MinimumVisualStudioVersion = 10.0.40219.1
Project("{FAE04EC0-301F-11D3-BF4B-00C04F79EFBC}") = "Sperinski Triangle Visualizazion", "Sperinski Triangle Visualizazion.csproj", "{31EFAC7E-22E6-4E48-A017-4ACE34BCD85A}"
EndProject
Global
	GlobalSection(SolutionConfigurationPlatforms) = preSolution
		Debug|Any CPU = Debug|Any CPU
		Release|Any CPU = Release|Any CPU
	EndGlobalSection
	GlobalSection(ProjectConfigurationPlatforms) = postSolution
		{31EFAC7E-22E6-4E48-A017-4ACE34BCD85A}.Debug|Any CPU.ActiveCfg = Debug|Any CPU
		{31EFAC7E-22E6-4E48-A017-4ACE34BCD85A}.Debug|Any CPU.Build.0 = Debug|Any CPU
		{31EFAC7E-22E6-4E48-A017-4ACE34BCD85A}.Release|Any CPU.ActiveCfg = Release|Any CPU
		{31EFAC7E-22E6-4E48-A017-4ACE34BCD85A}.Release|Any CPU.Build.0 = Release|Any CPU
	EndGlobalSection
	GlobalSection(SolutionProperties) = preSolution
		HideSolutionNode = FALSE
	EndGlobalSection
	GlobalSection(ExtensibilityGlobals) = postSolution
		SolutionGuid = {1602CAD0-F25F-495C-9F13-137D04223788}
	EndGlobalSection
EndGlobal
